// !$*UTF8*$!
{
	archiveVersion = 1;
	classes = {
	};
	objectVersion = 46;
	objects = {

/* Begin PBXBuildFile section */
		C98F3BD51E77697A00BE54DE /* AppCoordinatorViewController.swift in Sources */ = {isa = PBXBuildFile; fileRef = C98F3BD41E77697A00BE54DE /* AppCoordinatorViewController.swift */; };
		C9A427AA1E7519E50019AD7B /* CloudKitManager.swift in Sources */ = {isa = PBXBuildFile; fileRef = C9A427A91E7519E50019AD7B /* CloudKitManager.swift */; };
		C9A427AD1E751F5A0019AD7B /* CloudKit.framework in Frameworks */ = {isa = PBXBuildFile; fileRef = C9A427AC1E751F5A0019AD7B /* CloudKit.framework */; };
		C9A427AF1E7534040019AD7B /* ViewController+Alert.swift in Sources */ = {isa = PBXBuildFile; fileRef = C9A427AE1E7534040019AD7B /* ViewController+Alert.swift */; };
		C9B86CF51E766E3400CC497E /* LoginViewController.swift in Sources */ = {isa = PBXBuildFile; fileRef = C9B86CF31E766E3400CC497E /* LoginViewController.swift */; };
		C9B86CF61E766E3400CC497E /* LoginViewController.xib in Resources */ = {isa = PBXBuildFile; fileRef = C9B86CF41E766E3400CC497E /* LoginViewController.xib */; };
		C9D59E271E739B2A00A2DBF8 /* AppDelegate.swift in Sources */ = {isa = PBXBuildFile; fileRef = C9D59E261E739B2A00A2DBF8 /* AppDelegate.swift */; };
		C9D59E291E739B2A00A2DBF8 /* ViewController.swift in Sources */ = {isa = PBXBuildFile; fileRef = C9D59E281E739B2A00A2DBF8 /* ViewController.swift */; };
		C9D59E2C1E739B2A00A2DBF8 /* Main.storyboard in Resources */ = {isa = PBXBuildFile; fileRef = C9D59E2A1E739B2A00A2DBF8 /* Main.storyboard */; };
		C9D59E2E1E739B2A00A2DBF8 /* Assets.xcassets in Resources */ = {isa = PBXBuildFile; fileRef = C9D59E2D1E739B2A00A2DBF8 /* Assets.xcassets */; };
		C9D59E311E739B2A00A2DBF8 /* LaunchScreen.storyboard in Resources */ = {isa = PBXBuildFile; fileRef = C9D59E2F1E739B2A00A2DBF8 /* LaunchScreen.storyboard */; };
		DD70A9E23AFAC071826EC95B /* Pods_BattlePhones_iOS.framework in Frameworks */ = {isa = PBXBuildFile; fileRef = CF87F0528AA797E975D6DDB8 /* Pods_BattlePhones_iOS.framework */; };
/* End PBXBuildFile section */

/* Begin PBXFileReference section */
		2B56843CF61D2AD8850ADD7B /* Pods-BattlePhones-iOS.release.xcconfig */ = {isa = PBXFileReference; includeInIndex = 1; lastKnownFileType = text.xcconfig; name = "Pods-BattlePhones-iOS.release.xcconfig"; path = "Pods/Target Support Files/Pods-BattlePhones-iOS/Pods-BattlePhones-iOS.release.xcconfig"; sourceTree = "<group>"; };
		C98F3BD41E77697A00BE54DE /* AppCoordinatorViewController.swift */ = {isa = PBXFileReference; fileEncoding = 4; lastKnownFileType = sourcecode.swift; path = AppCoordinatorViewController.swift; sourceTree = "<group>"; };
		C9A427A91E7519E50019AD7B /* CloudKitManager.swift */ = {isa = PBXFileReference; fileEncoding = 4; lastKnownFileType = sourcecode.swift; path = CloudKitManager.swift; sourceTree = "<group>"; };
		C9A427AB1E7519ED0019AD7B /* BattlePhones-iOS.entitlements */ = {isa = PBXFileReference; lastKnownFileType = text.plist.entitlements; path = "BattlePhones-iOS.entitlements"; sourceTree = "<group>"; };
		C9A427AC1E751F5A0019AD7B /* CloudKit.framework */ = {isa = PBXFileReference; lastKnownFileType = wrapper.framework; name = CloudKit.framework; path = System/Library/Frameworks/CloudKit.framework; sourceTree = SDKROOT; };
		C9A427AE1E7534040019AD7B /* ViewController+Alert.swift */ = {isa = PBXFileReference; fileEncoding = 4; lastKnownFileType = sourcecode.swift; path = "ViewController+Alert.swift"; sourceTree = "<group>"; };
		C9B86CF31E766E3400CC497E /* LoginViewController.swift */ = {isa = PBXFileReference; fileEncoding = 4; lastKnownFileType = sourcecode.swift; path = LoginViewController.swift; sourceTree = "<group>"; };
		C9B86CF41E766E3400CC497E /* LoginViewController.xib */ = {isa = PBXFileReference; fileEncoding = 4; lastKnownFileType = file.xib; path = LoginViewController.xib; sourceTree = "<group>"; };
		C9D59E231E739B2A00A2DBF8 /* BattlePhones-iOS.app */ = {isa = PBXFileReference; explicitFileType = wrapper.application; includeInIndex = 0; path = "BattlePhones-iOS.app"; sourceTree = BUILT_PRODUCTS_DIR; };
		C9D59E261E739B2A00A2DBF8 /* AppDelegate.swift */ = {isa = PBXFileReference; lastKnownFileType = sourcecode.swift; path = AppDelegate.swift; sourceTree = "<group>"; };
		C9D59E281E739B2A00A2DBF8 /* ViewController.swift */ = {isa = PBXFileReference; lastKnownFileType = sourcecode.swift; path = ViewController.swift; sourceTree = "<group>"; };
		C9D59E2B1E739B2A00A2DBF8 /* Base */ = {isa = PBXFileReference; lastKnownFileType = file.storyboard; name = Base; path = Base.lproj/Main.storyboard; sourceTree = "<group>"; };
		C9D59E2D1E739B2A00A2DBF8 /* Assets.xcassets */ = {isa = PBXFileReference; lastKnownFileType = folder.assetcatalog; path = Assets.xcassets; sourceTree = "<group>"; };
		C9D59E301E739B2A00A2DBF8 /* Base */ = {isa = PBXFileReference; lastKnownFileType = file.storyboard; name = Base; path = Base.lproj/LaunchScreen.storyboard; sourceTree = "<group>"; };
		C9D59E321E739B2A00A2DBF8 /* Info.plist */ = {isa = PBXFileReference; lastKnownFileType = text.plist.xml; path = Info.plist; sourceTree = "<group>"; };
		CF87F0528AA797E975D6DDB8 /* Pods_BattlePhones_iOS.framework */ = {isa = PBXFileReference; explicitFileType = wrapper.framework; includeInIndex = 0; path = Pods_BattlePhones_iOS.framework; sourceTree = BUILT_PRODUCTS_DIR; };
		FF71362BBD92666F24676839 /* Pods-BattlePhones-iOS.debug.xcconfig */ = {isa = PBXFileReference; includeInIndex = 1; lastKnownFileType = text.xcconfig; name = "Pods-BattlePhones-iOS.debug.xcconfig"; path = "Pods/Target Support Files/Pods-BattlePhones-iOS/Pods-BattlePhones-iOS.debug.xcconfig"; sourceTree = "<group>"; };
/* End PBXFileReference section */

/* Begin PBXFrameworksBuildPhase section */
		C9D59E201E739B2A00A2DBF8 /* Frameworks */ = {
			isa = PBXFrameworksBuildPhase;
			buildActionMask = 2147483647;
			files = (
				DD70A9E23AFAC071826EC95B /* Pods_BattlePhones_iOS.framework in Frameworks */,
				C9A427AD1E751F5A0019AD7B /* CloudKit.framework in Frameworks */,
			);
			runOnlyForDeploymentPostprocessing = 0;
		};
/* End PBXFrameworksBuildPhase section */

/* Begin PBXGroup section */
		68980909151040B7D64B966E /* Frameworks */ = {
			isa = PBXGroup;
			children = (
				C9A427AC1E751F5A0019AD7B /* CloudKit.framework */,
				CF87F0528AA797E975D6DDB8 /* Pods_BattlePhones_iOS.framework */,
			);
			name = Frameworks;
			sourceTree = "<group>";
		};
		C98F3BD31E77695400BE54DE /* App Coordinator */ = {
			isa = PBXGroup;
			children = (
				C98F3BD41E77697A00BE54DE /* AppCoordinatorViewController.swift */,
			);
			name = "App Coordinator";
			sourceTree = "<group>";
		};
		C98F3BD61E7769AB00BE54DE /* App */ = {
			isa = PBXGroup;
			children = (
			);
			name = App;
			sourceTree = "<group>";
		};
		C9B86CF21E766E1100CC497E /* Login */ = {
			isa = PBXGroup;
			children = (
				C9B86CF31E766E3400CC497E /* LoginViewController.swift */,
				C9B86CF41E766E3400CC497E /* LoginViewController.xib */,
			);
			name = Login;
			sourceTree = "<group>";
		};
		C9D59E1A1E739B2A00A2DBF8 = {
			isa = PBXGroup;
			children = (
				C9D59E251E739B2A00A2DBF8 /* BattlePhones-iOS */,
				C9D59E241E739B2A00A2DBF8 /* Products */,
				D2C6D2F9E6ABE11F526399A8 /* Pods */,
				68980909151040B7D64B966E /* Frameworks */,
			);
			sourceTree = "<group>";
		};
		C9D59E241E739B2A00A2DBF8 /* Products */ = {
			isa = PBXGroup;
			children = (
				C9D59E231E739B2A00A2DBF8 /* BattlePhones-iOS.app */,
			);
			name = Products;
			sourceTree = "<group>";
		};
		C9D59E251E739B2A00A2DBF8 /* BattlePhones-iOS */ = {
			isa = PBXGroup;
			children = (
				C98F3BD61E7769AB00BE54DE /* App */,
				C98F3BD31E77695400BE54DE /* App Coordinator */,
				C9B86CF21E766E1100CC497E /* Login */,
				C9A427AB1E7519ED0019AD7B /* BattlePhones-iOS.entitlements */,
				C9D59E261E739B2A00A2DBF8 /* AppDelegate.swift */,
				C9D59E281E739B2A00A2DBF8 /* ViewController.swift */,
				C9D59E2A1E739B2A00A2DBF8 /* Main.storyboard */,
				C9D59E2D1E739B2A00A2DBF8 /* Assets.xcassets */,
				C9D59E2F1E739B2A00A2DBF8 /* LaunchScreen.storyboard */,
				C9D59E321E739B2A00A2DBF8 /* Info.plist */,
				C9A427A91E7519E50019AD7B /* CloudKitManager.swift */,
				C9A427AE1E7534040019AD7B /* ViewController+Alert.swift */,
			);
			path = "BattlePhones-iOS";
			sourceTree = "<group>";
		};
		D2C6D2F9E6ABE11F526399A8 /* Pods */ = {
			isa = PBXGroup;
			children = (
				FF71362BBD92666F24676839 /* Pods-BattlePhones-iOS.debug.xcconfig */,
				2B56843CF61D2AD8850ADD7B /* Pods-BattlePhones-iOS.release.xcconfig */,
			);
			name = Pods;
			sourceTree = "<group>";
		};
/* End PBXGroup section */

/* Begin PBXNativeTarget section */
		C9D59E221E739B2A00A2DBF8 /* BattlePhones-iOS */ = {
			isa = PBXNativeTarget;
			buildConfigurationList = C9D59E351E739B2A00A2DBF8 /* Build configuration list for PBXNativeTarget "BattlePhones-iOS" */;
			buildPhases = (
				24479C55E70FFA989F49CB76 /* [CP] Check Pods Manifest.lock */,
				C9D59E1F1E739B2A00A2DBF8 /* Sources */,
				C9D59E201E739B2A00A2DBF8 /* Frameworks */,
				C9D59E211E739B2A00A2DBF8 /* Resources */,
				C3AB165F401C574AF917779E /* [CP] Embed Pods Frameworks */,
				97C9B94832CCA7AE03598D43 /* [CP] Copy Pods Resources */,
			);
			buildRules = (
			);
			dependencies = (
			);
			name = "BattlePhones-iOS";
			productName = "BattlePhones-iOS";
			productReference = C9D59E231E739B2A00A2DBF8 /* BattlePhones-iOS.app */;
			productType = "com.apple.product-type.application";
		};
/* End PBXNativeTarget section */

/* Begin PBXProject section */
		C9D59E1B1E739B2A00A2DBF8 /* Project object */ = {
			isa = PBXProject;
			attributes = {
				LastSwiftUpdateCheck = 0820;
				LastUpgradeCheck = 0820;
				ORGANIZATIONNAME = "Matt Amerige";
				TargetAttributes = {
					C9D59E221E739B2A00A2DBF8 = {
						CreatedOnToolsVersion = 8.2.1;
						DevelopmentTeam = VQXELCH5FM;
						ProvisioningStyle = Automatic;
						SystemCapabilities = {
							com.apple.Push = {
								enabled = 1;
							};
							com.apple.iCloud = {
								enabled = 1;
							};
						};
					};
				};
			};
			buildConfigurationList = C9D59E1E1E739B2A00A2DBF8 /* Build configuration list for PBXProject "BattlePhones-iOS" */;
			compatibilityVersion = "Xcode 3.2";
			developmentRegion = English;
			hasScannedForEncodings = 0;
			knownRegions = (
				en,
				Base,
			);
			mainGroup = C9D59E1A1E739B2A00A2DBF8;
			productRefGroup = C9D59E241E739B2A00A2DBF8 /* Products */;
			projectDirPath = "";
			projectRoot = "";
			targets = (
				C9D59E221E739B2A00A2DBF8 /* BattlePhones-iOS */,
			);
		};
/* End PBXProject section */

/* Begin PBXResourcesBuildPhase section */
		C9D59E211E739B2A00A2DBF8 /* Resources */ = {
			isa = PBXResourcesBuildPhase;
			buildActionMask = 2147483647;
			files = (
				C9B86CF61E766E3400CC497E /* LoginViewController.xib in Resources */,
				C9D59E311E739B2A00A2DBF8 /* LaunchScreen.storyboard in Resources */,
				C9D59E2E1E739B2A00A2DBF8 /* Assets.xcassets in Resources */,
				C9D59E2C1E739B2A00A2DBF8 /* Main.storyboard in Resources */,
			);
			runOnlyForDeploymentPostprocessing = 0;
		};
/* End PBXResourcesBuildPhase section */

/* Begin PBXShellScriptBuildPhase section */
		24479C55E70FFA989F49CB76 /* [CP] Check Pods Manifest.lock */ = {
			isa = PBXShellScriptBuildPhase;
			buildActionMask = 2147483647;
			files = (
			);
			inputPaths = (
			);
			name = "[CP] Check Pods Manifest.lock";
			outputPaths = (
			);
			runOnlyForDeploymentPostprocessing = 0;
			shellPath = /bin/sh;
			shellScript = "diff \"${PODS_ROOT}/../Podfile.lock\" \"${PODS_ROOT}/Manifest.lock\" > /dev/null\nif [ $? != 0 ] ; then\n    # print error to STDERR\n    echo \"error: The sandbox is not in sync with the Podfile.lock. Run 'pod install' or update your CocoaPods installation.\" >&2\n    exit 1\nfi\n";
			showEnvVarsInLog = 0;
		};
		97C9B94832CCA7AE03598D43 /* [CP] Copy Pods Resources */ = {
			isa = PBXShellScriptBuildPhase;
			buildActionMask = 2147483647;
			files = (
			);
			inputPaths = (
			);
			name = "[CP] Copy Pods Resources";
			outputPaths = (
			);
			runOnlyForDeploymentPostprocessing = 0;
			shellPath = /bin/sh;
			shellScript = "\"${SRCROOT}/Pods/Target Support Files/Pods-BattlePhones-iOS/Pods-BattlePhones-iOS-resources.sh\"\n";
			showEnvVarsInLog = 0;
		};
		C3AB165F401C574AF917779E /* [CP] Embed Pods Frameworks */ = {
			isa = PBXShellScriptBuildPhase;
			buildActionMask = 2147483647;
			files = (
			);
			inputPaths = (
			);
			name = "[CP] Embed Pods Frameworks";
			outputPaths = (
			);
			runOnlyForDeploymentPostprocessing = 0;
			shellPath = /bin/sh;
			shellScript = "\"${SRCROOT}/Pods/Target Support Files/Pods-BattlePhones-iOS/Pods-BattlePhones-iOS-frameworks.sh\"\n";
			showEnvVarsInLog = 0;
		};
/* End PBXShellScriptBuildPhase section */

/* Begin PBXSourcesBuildPhase section */
		C9D59E1F1E739B2A00A2DBF8 /* Sources */ = {
			isa = PBXSourcesBuildPhase;
			buildActionMask = 2147483647;
			files = (
				C9D59E291E739B2A00A2DBF8 /* ViewController.swift in Sources */,
				C98F3BD51E77697A00BE54DE /* AppCoordinatorViewController.swift in Sources */,
				C9D59E271E739B2A00A2DBF8 /* AppDelegate.swift in Sources */,
				C9A427AA1E7519E50019AD7B /* CloudKitManager.swift in Sources */,
				C9B86CF51E766E3400CC497E /* LoginViewController.swift in Sources */,
				C9A427AF1E7534040019AD7B /* ViewController+Alert.swift in Sources */,
			);
			runOnlyForDeploymentPostprocessing = 0;
		};
/* End PBXSourcesBuildPhase section */

/* Begin PBXVariantGroup section */
		C9D59E2A1E739B2A00A2DBF8 /* Main.storyboard */ = {
			isa = PBXVariantGroup;
			children = (
				C9D59E2B1E739B2A00A2DBF8 /* Base */,
			);
			name = Main.storyboard;
			sourceTree = "<group>";
		};
		C9D59E2F1E739B2A00A2DBF8 /* LaunchScreen.storyboard */ = {
			isa = PBXVariantGroup;
			children = (
				C9D59E301E739B2A00A2DBF8 /* Base */,
			);
			name = LaunchScreen.storyboard;
			sourceTree = "<group>";
		};
/* End PBXVariantGroup section */

/* Begin XCBuildConfiguration section */
		C9D59E331E739B2A00A2DBF8 /* Debug */ = {
			isa = XCBuildConfiguration;
			buildSettings = {
				ALWAYS_SEARCH_USER_PATHS = NO;
				CLANG_ANALYZER_NONNULL = YES;
				CLANG_CXX_LANGUAGE_STANDARD = "gnu++0x";
				CLANG_CXX_LIBRARY = "libc++";
				CLANG_ENABLE_MODULES = YES;
				CLANG_ENABLE_OBJC_ARC = YES;
				CLANG_WARN_BOOL_CONVERSION = YES;
				CLANG_WARN_CONSTANT_CONVERSION = YES;
				CLANG_WARN_DIRECT_OBJC_ISA_USAGE = YES_ERROR;
				CLANG_WARN_DOCUMENTATION_COMMENTS = YES;
				CLANG_WARN_EMPTY_BODY = YES;
				CLANG_WARN_ENUM_CONVERSION = YES;
				CLANG_WARN_INFINITE_RECURSION = YES;
				CLANG_WARN_INT_CONVERSION = YES;
				CLANG_WARN_OBJC_ROOT_CLASS = YES_ERROR;
				CLANG_WARN_SUSPICIOUS_MOVE = YES;
				CLANG_WARN_UNREACHABLE_CODE = YES;
				CLANG_WARN__DUPLICATE_METHOD_MATCH = YES;
				"CODE_SIGN_IDENTITY[sdk=iphoneos*]" = "iPhone Developer";
				COPY_PHASE_STRIP = NO;
				DEBUG_INFORMATION_FORMAT = dwarf;
				ENABLE_STRICT_OBJC_MSGSEND = YES;
				ENABLE_TESTABILITY = YES;
				GCC_C_LANGUAGE_STANDARD = gnu99;
				GCC_DYNAMIC_NO_PIC = NO;
				GCC_NO_COMMON_BLOCKS = YES;
				GCC_OPTIMIZATION_LEVEL = 0;
				GCC_PREPROCESSOR_DEFINITIONS = (
					"DEBUG=1",
					"$(inherited)",
				);
				GCC_WARN_64_TO_32_BIT_CONVERSION = YES;
				GCC_WARN_ABOUT_RETURN_TYPE = YES_ERROR;
				GCC_WARN_UNDECLARED_SELECTOR = YES;
				GCC_WARN_UNINITIALIZED_AUTOS = YES_AGGRESSIVE;
				GCC_WARN_UNUSED_FUNCTION = YES;
				GCC_WARN_UNUSED_VARIABLE = YES;
				IPHONEOS_DEPLOYMENT_TARGET = 10.2;
				MTL_ENABLE_DEBUG_INFO = YES;
				ONLY_ACTIVE_ARCH = YES;
				SDKROOT = iphoneos;
				SWIFT_ACTIVE_COMPILATION_CONDITIONS = DEBUG;
				SWIFT_OPTIMIZATION_LEVEL = "-Onone";
			};
			name = Debug;
		};
		C9D59E341E739B2A00A2DBF8 /* Release */ = {
			isa = XCBuildConfiguration;
			buildSettings = {
				ALWAYS_SEARCH_USER_PATHS = NO;
				CLANG_ANALYZER_NONNULL = YES;
				CLANG_CXX_LANGUAGE_STANDARD = "gnu++0x";
				CLANG_CXX_LIBRARY = "libc++";
				CLANG_ENABLE_MODULES = YES;
				CLANG_ENABLE_OBJC_ARC = YES;
				CLANG_WARN_BOOL_CONVERSION = YES;
				CLANG_WARN_CONSTANT_CONVERSION = YES;
				CLANG_WARN_DIRECT_OBJC_ISA_USAGE = YES_ERROR;
				CLANG_WARN_DOCUMENTATION_COMMENTS = YES;
				CLANG_WARN_EMPTY_BODY = YES;
				CLANG_WARN_ENUM_CONVERSION = YES;
				CLANG_WARN_INFINITE_RECURSION = YES;
				CLANG_WARN_INT_CONVERSION = YES;
				CLANG_WARN_OBJC_ROOT_CLASS = YES_ERROR;
				CLANG_WARN_SUSPICIOUS_MOVE = YES;
				CLANG_WARN_UNREACHABLE_CODE = YES;
				CLANG_WARN__DUPLICATE_METHOD_MATCH = YES;
				"CODE_SIGN_IDENTITY[sdk=iphoneos*]" = "iPhone Developer";
				COPY_PHASE_STRIP = NO;
				DEBUG_INFORMATION_FORMAT = "dwarf-with-dsym";
				ENABLE_NS_ASSERTIONS = NO;
				ENABLE_STRICT_OBJC_MSGSEND = YES;
				GCC_C_LANGUAGE_STANDARD = gnu99;
				GCC_NO_COMMON_BLOCKS = YES;
				GCC_WARN_64_TO_32_BIT_CONVERSION = YES;
				GCC_WARN_ABOUT_RETURN_TYPE = YES_ERROR;
				GCC_WARN_UNDECLARED_SELECTOR = YES;
				GCC_WARN_UNINITIALIZED_AUTOS = YES_AGGRESSIVE;
				GCC_WARN_UNUSED_FUNCTION = YES;
				GCC_WARN_UNUSED_VARIABLE = YES;
				IPHONEOS_DEPLOYMENT_TARGET = 10.2;
				MTL_ENABLE_DEBUG_INFO = NO;
				SDKROOT = iphoneos;
				SWIFT_OPTIMIZATION_LEVEL = "-Owholemodule";
				VALIDATE_PRODUCT = YES;
			};
			name = Release;
		};
		C9D59E361E739B2A00A2DBF8 /* Debug */ = {
			isa = XCBuildConfiguration;
			baseConfigurationReference = FF71362BBD92666F24676839 /* Pods-BattlePhones-iOS.debug.xcconfig */;
			buildSettings = {
				ASSETCATALOG_COMPILER_APPICON_NAME = AppIcon;
				CODE_SIGN_ENTITLEMENTS = "BattlePhones-iOS/BattlePhones-iOS.entitlements";
				DEVELOPMENT_TEAM = VQXELCH5FM;
				INFOPLIST_FILE = "BattlePhones-iOS/Info.plist";
				LD_RUNPATH_SEARCH_PATHS = "$(inherited) @executable_path/Frameworks";
				PRODUCT_BUNDLE_IDENTIFIER = "com.BuildThings.BattlePhones-iOS";
				PRODUCT_NAME = "$(TARGET_NAME)";
				SWIFT_VERSION = 3.0;
			};
			name = Debug;
		};
		C9D59E371E739B2A00A2DBF8 /* Release */ = {
			isa = XCBuildConfiguration;
			baseConfigurationReference = 2B56843CF61D2AD8850ADD7B /* Pods-BattlePhones-iOS.release.xcconfig */;
			buildSettings = {
				ASSETCATALOG_COMPILER_APPICON_NAME = AppIcon;
				CODE_SIGN_ENTITLEMENTS = "BattlePhones-iOS/BattlePhones-iOS.entitlements";
				DEVELOPMENT_TEAM = VQXELCH5FM;
				INFOPLIST_FILE = "BattlePhones-iOS/Info.plist";
				LD_RUNPATH_SEARCH_PATHS = "$(inherited) @executable_path/Frameworks";
				PRODUCT_BUNDLE_IDENTIFIER = "com.BuildThings.BattlePhones-iOS";
				PRODUCT_NAME = "$(TARGET_NAME)";
				SWIFT_VERSION = 3.0;
			};
			name = Release;
		};
/* End XCBuildConfiguration section */

/* Begin XCConfigurationList section */
		C9D59E1E1E739B2A00A2DBF8 /* Build configuration list for PBXProject "BattlePhones-iOS" */ = {
			isa = XCConfigurationList;
			buildConfigurations = (
				C9D59E331E739B2A00A2DBF8 /* Debug */,
				C9D59E341E739B2A00A2DBF8 /* Release */,
			);
			defaultConfigurationIsVisible = 0;
			defaultConfigurationName = Release;
		};
		C9D59E351E739B2A00A2DBF8 /* Build configuration list for PBXNativeTarget "BattlePhones-iOS" */ = {
			isa = XCConfigurationList;
			buildConfigurations = (
				C9D59E361E739B2A00A2DBF8 /* Debug */,
				C9D59E371E739B2A00A2DBF8 /* Release */,
			);
			defaultConfigurationIsVisible = 0;
			defaultConfigurationName = Release;
		};
/* End XCConfigurationList section */
	};
	rootObject = C9D59E1B1E739B2A00A2DBF8 /* Project object */;
}
